
Microsoft Visual Studio Solution File, Format Version 12.00
# Visual Studio 15
VisualStudioVersion = 15.0.27004.2010
MinimumVisualStudioVersion = 10.0.40219.1
Project("{9A19103F-16F7-4668-BE54-9A1E7A4F7556}") = "LearningSystem.Web", "LearningSystem.Web\LearningSystem.Web.csproj", "{194797AB-8E51-41A1-B935-BA5FF90EF8AC}"
EndProject
Project("{9A19103F-16F7-4668-BE54-9A1E7A4F7556}") = "LearningSystem.Data", "LearningSystem.Data\LearningSystem.Data.csproj", "{2E93B2CF-B7ED-42B4-8253-50E06852F15C}"
EndProject
Project("{FAE04EC0-301F-11D3-BF4B-00C04F79EFBC}") = "LearningSystem.Services", "Learning System.Services\LearningSystem.Services.csproj", "{EE7E09C6-B1B9-4EDF-9BC7-C44E4EB3D940}"
EndProject
Global
	GlobalSection(SolutionConfigurationPlatforms) = preSolution
		Debug|Any CPU = Debug|Any CPU
		Release|Any CPU = Release|Any CPU
	EndGlobalSection
	GlobalSection(ProjectConfigurationPlatforms) = postSolution
		{194797AB-8E51-41A1-B935-BA5FF90EF8AC}.Debug|Any CPU.ActiveCfg = Debug|Any CPU
		{194797AB-8E51-41A1-B935-BA5FF90EF8AC}.Debug|Any CPU.Build.0 = Debug|Any CPU
		{194797AB-8E51-41A1-B935-BA5FF90EF8AC}.Release|Any CPU.ActiveCfg = Release|Any CPU
		{194797AB-8E51-41A1-B935-BA5FF90EF8AC}.Release|Any CPU.Build.0 = Release|Any CPU
		{2E93B2CF-B7ED-42B4-8253-50E06852F15C}.Debug|Any CPU.ActiveCfg = Debug|Any CPU
		{2E93B2CF-B7ED-42B4-8253-50E06852F15C}.Debug|Any CPU.Build.0 = Debug|Any CPU
		{2E93B2CF-B7ED-42B4-8253-50E06852F15C}.Release|Any CPU.ActiveCfg = Release|Any CPU
		{2E93B2CF-B7ED-42B4-8253-50E06852F15C}.Release|Any CPU.Build.0 = Release|Any CPU
		{EE7E09C6-B1B9-4EDF-9BC7-C44E4EB3D940}.Debug|Any CPU.ActiveCfg = Debug|Any CPU
		{EE7E09C6-B1B9-4EDF-9BC7-C44E4EB3D940}.Debug|Any CPU.Build.0 = Debug|Any CPU
		{EE7E09C6-B1B9-4EDF-9BC7-C44E4EB3D940}.Release|Any CPU.ActiveCfg = Release|Any CPU
		{EE7E09C6-B1B9-4EDF-9BC7-C44E4EB3D940}.Release|Any CPU.Build.0 = Release|Any CPU
	EndGlobalSection
	GlobalSection(SolutionProperties) = preSolution
		HideSolutionNode = FALSE
	EndGlobalSection
	GlobalSection(ExtensibilityGlobals) = postSolution
		SolutionGuid = {1E304CF2-611B-4046-8DDD-680917112FF3}
	EndGlobalSection
EndGlobal
